// !$*UTF8*$!
{
	archiveVersion = 1;
	classes = {
	};
	objectVersion = 50;
	objects = {

/* Begin PBXBuildFile section */
		F91ECF5F2176CA9700D438AC /* AppDelegate.swift in Sources */ = {isa = PBXBuildFile; fileRef = F91ECF5E2176CA9700D438AC /* AppDelegate.swift */; };
		F91ECF612176CA9700D438AC /* ViewController.swift in Sources */ = {isa = PBXBuildFile; fileRef = F91ECF602176CA9700D438AC /* ViewController.swift */; };
		F91ECF642176CA9700D438AC /* Main.storyboard in Resources */ = {isa = PBXBuildFile; fileRef = F91ECF622176CA9700D438AC /* Main.storyboard */; };
		F91ECF662176CA9900D438AC /* Assets.xcassets in Resources */ = {isa = PBXBuildFile; fileRef = F91ECF652176CA9900D438AC /* Assets.xcassets */; };
		F91ECF692176CA9900D438AC /* LaunchScreen.storyboard in Resources */ = {isa = PBXBuildFile; fileRef = F91ECF672176CA9900D438AC /* LaunchScreen.storyboard */; };
		F91ECF722176D21D00D438AC /* BorderButton.swift in Sources */ = {isa = PBXBuildFile; fileRef = F91ECF712176D21D00D438AC /* BorderButton.swift */; };
/* End PBXBuildFile section */

/* Begin PBXFileReference section */
		F91ECF5B2176CA9700D438AC /* app-Swoosh.app */ = {isa = PBXFileReference; explicitFileType = wrapper.application; includeInIndex = 0; path = "app-Swoosh.app"; sourceTree = BUILT_PRODUCTS_DIR; };
		F91ECF5E2176CA9700D438AC /* AppDelegate.swift */ = {isa = PBXFileReference; lastKnownFileType = sourcecode.swift; path = AppDelegate.swift; sourceTree = "<group>"; };
		F91ECF602176CA9700D438AC /* ViewController.swift */ = {isa = PBXFileReference; lastKnownFileType = sourcecode.swift; path = ViewController.swift; sourceTree = "<group>"; };
		F91ECF632176CA9700D438AC /* Base */ = {isa = PBXFileReference; lastKnownFileType = file.storyboard; name = Base; path = Base.lproj/Main.storyboard; sourceTree = "<group>"; };
		F91ECF652176CA9900D438AC /* Assets.xcassets */ = {isa = PBXFileReference; lastKnownFileType = folder.assetcatalog; path = Assets.xcassets; sourceTree = "<group>"; };
		F91ECF682176CA9900D438AC /* Base */ = {isa = PBXFileReference; lastKnownFileType = file.storyboard; name = Base; path = Base.lproj/LaunchScreen.storyboard; sourceTree = "<group>"; };
		F91ECF6A2176CA9900D438AC /* Info.plist */ = {isa = PBXFileReference; lastKnownFileType = text.plist.xml; path = Info.plist; sourceTree = "<group>"; };
		F91ECF712176D21D00D438AC /* BorderButton.swift */ = {isa = PBXFileReference; lastKnownFileType = sourcecode.swift; path = BorderButton.swift; sourceTree = "<group>"; };
/* End PBXFileReference section */

/* Begin PBXFrameworksBuildPhase section */
		F91ECF582176CA9700D438AC /* Frameworks */ = {
			isa = PBXFrameworksBuildPhase;
			buildActionMask = 2147483647;
			files = (
			);
			runOnlyForDeploymentPostprocessing = 0;
		};
/* End PBXFrameworksBuildPhase section */

/* Begin PBXGroup section */
		F91ECF522176CA9700D438AC = {
			isa = PBXGroup;
			children = (
				F91ECF5D2176CA9700D438AC /* app-Swoosh */,
				F91ECF5C2176CA9700D438AC /* Products */,
			);
			sourceTree = "<group>";
		};
		F91ECF5C2176CA9700D438AC /* Products */ = {
			isa = PBXGroup;
			children = (
				F91ECF5B2176CA9700D438AC /* app-Swoosh.app */,
			);
			name = Products;
			sourceTree = "<group>";
		};
		F91ECF5D2176CA9700D438AC /* app-Swoosh */ = {
			isa = PBXGroup;
			children = (
				F91ECF702176D1DA00D438AC /* Views */,
				F91ECF5E2176CA9700D438AC /* AppDelegate.swift */,
				F91ECF602176CA9700D438AC /* ViewController.swift */,
				F91ECF622176CA9700D438AC /* Main.storyboard */,
				F91ECF652176CA9900D438AC /* Assets.xcassets */,
				F91ECF672176CA9900D438AC /* LaunchScreen.storyboard */,
				F91ECF6A2176CA9900D438AC /* Info.plist */,
			);
			path = "app-Swoosh";
			sourceTree = "<group>";
		};
		F91ECF702176D1DA00D438AC /* Views */ = {
			isa = PBXGroup;
			children = (
				F91ECF712176D21D00D438AC /* BorderButton.swift */,
			);
			path = Views;
			sourceTree = "<group>";
		};
/* End PBXGroup section */

/* Begin PBXNativeTarget section */
		F91ECF5A2176CA9700D438AC /* app-Swoosh */ = {
			isa = PBXNativeTarget;
			buildConfigurationList = F91ECF6D2176CA9900D438AC /* Build configuration list for PBXNativeTarget "app-Swoosh" */;
			buildPhases = (
				F91ECF572176CA9700D438AC /* Sources */,
				F91ECF582176CA9700D438AC /* Frameworks */,
				F91ECF592176CA9700D438AC /* Resources */,
			);
			buildRules = (
			);
			dependencies = (
			);
			name = "app-Swoosh";
			productName = "app-Swoosh";
			productReference = F91ECF5B2176CA9700D438AC /* app-Swoosh.app */;
			productType = "com.apple.product-type.application";
		};
/* End PBXNativeTarget section */

/* Begin PBXProject section */
		F91ECF532176CA9700D438AC /* Project object */ = {
			isa = PBXProject;
			attributes = {
				LastSwiftUpdateCheck = 1000;
				LastUpgradeCheck = 1000;
				ORGANIZATIONNAME = coto.inc;
				TargetAttributes = {
					F91ECF5A2176CA9700D438AC = {
						CreatedOnToolsVersion = 10.0;
					};
				};
			};
			buildConfigurationList = F91ECF562176CA9700D438AC /* Build configuration list for PBXProject "app-Swoosh" */;
			compatibilityVersion = "Xcode 9.3";
			developmentRegion = en;
			hasScannedForEncodings = 0;
			knownRegions = (
				en,
				Base,
			);
			mainGroup = F91ECF522176CA9700D438AC;
			productRefGroup = F91ECF5C2176CA9700D438AC /* Products */;
			projectDirPath = "";
			projectRoot = "";
			targets = (
				F91ECF5A2176CA9700D438AC /* app-Swoosh */,
			);
		};
/* End PBXProject section */

/* Begin PBXResourcesBuildPhase section */
		F91ECF592176CA9700D438AC /* Resources */ = {
			isa = PBXResourcesBuildPhase;
			buildActionMask = 2147483647;
			files = (
				F91ECF692176CA9900D438AC /* LaunchScreen.storyboard in Resources */,
				F91ECF662176CA9900D438AC /* Assets.xcassets in Resources */,
				F91ECF642176CA9700D438AC /* Main.storyboard in Resources */,
			);
			runOnlyForDeploymentPostprocessing = 0;
		};
/* End PBXResourcesBuildPhase section */

/* Begin PBXSourcesBuildPhase section */
		F91ECF572176CA9700D438AC /* Sources */ = {
			isa = PBXSourcesBuildPhase;
			buildActionMask = 2147483647;
			files = (
				F91ECF612176CA9700D438AC /* ViewController.swift in Sources */,
				F91ECF5F2176CA9700D438AC /* AppDelegate.swift in Sources */,
				F91ECF722176D21D00D438AC /* BorderButton.swift in Sources */,
			);
			runOnlyForDeploymentPostprocessing = 0;
		};
/* End PBXSourcesBuildPhase section */

/* Begin PBXVariantGroup section */
		F91ECF622176CA9700D438AC /* Main.storyboard */ = {
			isa = PBXVariantGroup;
			children = (
				F91ECF632176CA9700D438AC /* Base */,
			);
			name = Main.storyboard;
			sourceTree = "<group>";
		};
		F91ECF672176CA9900D438AC /* LaunchScreen.storyboard */ = {
			isa = PBXVariantGroup;
			children = (
				F91ECF682176CA9900D438AC /* Base */,
			);
			name = LaunchScreen.storyboard;
			sourceTree = "<group>";
		};
/* End PBXVariantGroup section */

/* Begin XCBuildConfiguration section */
		F91ECF6B2176CA9900D438AC /* Debug */ = {
			isa = XCBuildConfiguration;
			buildSettings = {
				ALWAYS_SEARCH_USER_PATHS = NO;
				CLANG_ANALYZER_NONNULL = YES;
				CLANG_ANALYZER_NUMBER_OBJECT_CONVERSION = YES_AGGRESSIVE;
				CLANG_CXX_LANGUAGE_STANDARD = "gnu++14";
				CLANG_CXX_LIBRARY = "libc++";
				CLANG_ENABLE_MODULES = YES;
				CLANG_ENABLE_OBJC_ARC = YES;
				CLANG_ENABLE_OBJC_WEAK = YES;
				CLANG_WARN_BLOCK_CAPTURE_AUTORELEASING = YES;
				CLANG_WARN_BOOL_CONVERSION = YES;
				CLANG_WARN_COMMA = YES;
				CLANG_WARN_CONSTANT_CONVERSION = YES;
				CLANG_WARN_DEPRECATED_OBJC_IMPLEMENTATIONS = YES;
				CLANG_WARN_DIRECT_OBJC_ISA_USAGE = YES_ERROR;
				CLANG_WARN_DOCUMENTATION_COMMENTS = YES;
				CLANG_WARN_EMPTY_BODY = YES;
				CLANG_WARN_ENUM_CONVERSION = YES;
				CLANG_WARN_INFINITE_RECURSION = YES;
				CLANG_WARN_INT_CONVERSION = YES;
				CLANG_WARN_NON_LITERAL_NULL_CONVERSION = YES;
				CLANG_WARN_OBJC_IMPLICIT_RETAIN_SELF = YES;
				CLANG_WARN_OBJC_LITERAL_CONVERSION = YES;
				CLANG_WARN_OBJC_ROOT_CLASS = YES_ERROR;
				CLANG_WARN_RANGE_LOOP_ANALYSIS = YES;
				CLANG_WARN_STRICT_PROTOTYPES = YES;
				CLANG_WARN_SUSPICIOUS_MOVE = YES;
				CLANG_WARN_UNGUARDED_AVAILABILITY = YES_AGGRESSIVE;
				CLANG_WARN_UNREACHABLE_CODE = YES;
				CLANG_WARN__DUPLICATE_METHOD_MATCH = YES;
				CODE_SIGN_IDENTITY = "iPhone Developer";
				COPY_PHASE_STRIP = NO;
				DEBUG_INFORMATION_FORMAT = dwarf;
				ENABLE_STRICT_OBJC_MSGSEND = YES;
				ENABLE_TESTABILITY = YES;
				GCC_C_LANGUAGE_STANDARD = gnu11;
				GCC_DYNAMIC_NO_PIC = NO;
				GCC_NO_COMMON_BLOCKS = YES;
				GCC_OPTIMIZATION_LEVEL = 0;
				GCC_PREPROCESSOR_DEFINITIONS = (
					"DEBUG=1",
					"$(inherited)",
				);
				GCC_WARN_64_TO_32_BIT_CONVERSION = YES;
				GCC_WARN_ABOUT_RETURN_TYPE = YES_ERROR;
				GCC_WARN_UNDECLARED_SELECTOR = YES;
				GCC_WARN_UNINITIALIZED_AUTOS = YES_AGGRESSIVE;
				GCC_WARN_UNUSED_FUNCTION = YES;
				GCC_WARN_UNUSED_VARIABLE = YES;
				IPHONEOS_DEPLOYMENT_TARGET = 12.0;
				MTL_ENABLE_DEBUG_INFO = INCLUDE_SOURCE;
				MTL_FAST_MATH = YES;
				ONLY_ACTIVE_ARCH = YES;
				SDKROOT = iphoneos;
				SWIFT_ACTIVE_COMPILATION_CONDITIONS = DEBUG;
				SWIFT_OPTIMIZATION_LEVEL = "-Onone";
			};
			name = Debug;
		};
		F91ECF6C2176CA9900D438AC /* Release */ = {
			isa = XCBuildConfiguration;
			buildSettings = {
				ALWAYS_SEARCH_USER_PATHS = NO;
				CLANG_ANALYZER_NONNULL = YES;
				CLANG_ANALYZER_NUMBER_OBJECT_CONVERSION = YES_AGGRESSIVE;
				CLANG_CXX_LANGUAGE_STANDARD = "gnu++14";
				CLANG_CXX_LIBRARY = "libc++";
				CLANG_ENABLE_MODULES = YES;
				CLANG_ENABLE_OBJC_ARC = YES;
				CLANG_ENABLE_OBJC_WEAK = YES;
				CLANG_WARN_BLOCK_CAPTURE_AUTORELEASING = YES;
				CLANG_WARN_BOOL_CONVERSION = YES;
				CLANG_WARN_COMMA = YES;
				CLANG_WARN_CONSTANT_CONVERSION = YES;
				CLANG_WARN_DEPRECATED_OBJC_IMPLEMENTATIONS = YES;
				CLANG_WARN_DIRECT_OBJC_ISA_USAGE = YES_ERROR;
				CLANG_WARN_DOCUMENTATION_COMMENTS = YES;
				CLANG_WARN_EMPTY_BODY = YES;
				CLANG_WARN_ENUM_CONVERSION = YES;
				CLANG_WARN_INFINITE_RECURSION = YES;
				CLANG_WARN_INT_CONVERSION = YES;
				CLANG_WARN_NON_LITERAL_NULL_CONVERSION = YES;
				CLANG_WARN_OBJC_IMPLICIT_RETAIN_SELF = YES;
				CLANG_WARN_OBJC_LITERAL_CONVERSION = YES;
				CLANG_WARN_OBJC_ROOT_CLASS = YES_ERROR;
				CLANG_WARN_RANGE_LOOP_ANALYSIS = YES;
				CLANG_WARN_STRICT_PROTOTYPES = YES;
				CLANG_WARN_SUSPICIOUS_MOVE = YES;
				CLANG_WARN_UNGUARDED_AVAILABILITY = YES_AGGRESSIVE;
				CLANG_WARN_UNREACHABLE_CODE = YES;
				CLANG_WARN__DUPLICATE_METHOD_MATCH = YES;
				CODE_SIGN_IDENTITY = "iPhone Developer";
				COPY_PHASE_STRIP = NO;
				DEBUG_INFORMATION_FORMAT = "dwarf-with-dsym";
				ENABLE_NS_ASSERTIONS = NO;
				ENABLE_STRICT_OBJC_MSGSEND = YES;
				GCC_C_LANGUAGE_STANDARD = gnu11;
				GCC_NO_COMMON_BLOCKS = YES;
				GCC_WARN_64_TO_32_BIT_CONVERSION = YES;
				GCC_WARN_ABOUT_RETURN_TYPE = YES_ERROR;
				GCC_WARN_UNDECLARED_SELECTOR = YES;
				GCC_WARN_UNINITIALIZED_AUTOS = YES_AGGRESSIVE;
				GCC_WARN_UNUSED_FUNCTION = YES;
				GCC_WARN_UNUSED_VARIABLE = YES;
				IPHONEOS_DEPLOYMENT_TARGET = 12.0;
				MTL_ENABLE_DEBUG_INFO = NO;
				MTL_FAST_MATH = YES;
				SDKROOT = iphoneos;
				SWIFT_COMPILATION_MODE = wholemodule;
				SWIFT_OPTIMIZATION_LEVEL = "-O";
				VALIDATE_PRODUCT = YES;
			};
			name = Release;
		};
		F91ECF6E2176CA9900D438AC /* Debug */ = {
			isa = XCBuildConfiguration;
			buildSettings = {
				ASSETCATALOG_COMPILER_APPICON_NAME = AppIcon;
				CODE_SIGN_STYLE = Automatic;
				DEVELOPMENT_TEAM = GZ8A8B3A6P;
				INFOPLIST_FILE = "app-Swoosh/Info.plist";
				LD_RUNPATH_SEARCH_PATHS = (
					"$(inherited)",
					"@executable_path/Frameworks",
				);
				PRODUCT_BUNDLE_IDENTIFIER = "com.coto.app-Swoosh";
				PRODUCT_NAME = "$(TARGET_NAME)";
				SWIFT_VERSION = 4.2;
				TARGETED_DEVICE_FAMILY = "1,2";
			};
			name = Debug;
		};
		F91ECF6F2176CA9900D438AC /* Release */ = {
			isa = XCBuildConfiguration;
			buildSettings = {
				ASSETCATALOG_COMPILER_APPICON_NAME = AppIcon;
				CODE_SIGN_STYLE = Automatic;
				DEVELOPMENT_TEAM = GZ8A8B3A6P;
				INFOPLIST_FILE = "app-Swoosh/Info.plist";
				LD_RUNPATH_SEARCH_PATHS = (
					"$(inherited)",
					"@executable_path/Frameworks",
				);
				PRODUCT_BUNDLE_IDENTIFIER = "com.coto.app-Swoosh";
				PRODUCT_NAME = "$(TARGET_NAME)";
				SWIFT_VERSION = 4.2;
				TARGETED_DEVICE_FAMILY = "1,2";
			};
			name = Release;
		};
/* End XCBuildConfiguration section */

/* Begin XCConfigurationList section */
		F91ECF562176CA9700D438AC /* Build configuration list for PBXProject "app-Swoosh" */ = {
			isa = XCConfigurationList;
			buildConfigurations = (
				F91ECF6B2176CA9900D438AC /* Debug */,
				F91ECF6C2176CA9900D438AC /* Release */,
			);
			defaultConfigurationIsVisible = 0;
			defaultConfigurationName = Release;
		};
		F91ECF6D2176CA9900D438AC /* Build configuration list for PBXNativeTarget "app-Swoosh" */ = {
			isa = XCConfigurationList;
			buildConfigurations = (
				F91ECF6E2176CA9900D438AC /* Debug */,
				F91ECF6F2176CA9900D438AC /* Release */,
			);
			defaultConfigurationIsVisible = 0;
			defaultConfigurationName = Release;
		};
/* End XCConfigurationList section */
	};
	rootObject = F91ECF532176CA9700D438AC /* Project object */;
}
